// !$*UTF8*$!
{
	archiveVersion = 1;
	classes = {
	};
	objectVersion = 51;
	objects = {

/* Begin PBXBuildFile section */
		4286102A248BC5300098A8A5 /* AppDelegate.swift in Sources */ = {isa = PBXBuildFile; fileRef = 42861029248BC5300098A8A5 /* AppDelegate.swift */; };
		4286102E248BC5300098A8A5 /* ContentView.swift in Sources */ = {isa = PBXBuildFile; fileRef = 4286102D248BC5300098A8A5 /* ContentView.swift */; };
		42861030248BC5330098A8A5 /* Assets.xcassets in Resources */ = {isa = PBXBuildFile; fileRef = 4286102F248BC5330098A8A5 /* Assets.xcassets */; };
		42861033248BC5330098A8A5 /* Preview Assets.xcassets in Resources */ = {isa = PBXBuildFile; fileRef = 42861032248BC5330098A8A5 /* Preview Assets.xcassets */; };
		42861036248BC5330098A8A5 /* LaunchScreen.storyboard in Resources */ = {isa = PBXBuildFile; fileRef = 42861034248BC5330098A8A5 /* LaunchScreen.storyboard */; };
		4293FBA9249A7F8A00DDFF1E /* GoogleService-Info.plist in Resources */ = {isa = PBXBuildFile; fileRef = 4293FBA8249A7F8A00DDFF1E /* GoogleService-Info.plist */; };
		4293FBAF249A82EC00DDFF1E /* RealTime.swift in Sources */ = {isa = PBXBuildFile; fileRef = 4293FBAE249A82EC00DDFF1E /* RealTime.swift */; };
		4293FBB1249A83CA00DDFF1E /* DigitalClock.swift in Sources */ = {isa = PBXBuildFile; fileRef = 4293FBB0249A83CA00DDFF1E /* DigitalClock.swift */; };
		4293FBB3249A840000DDFF1E /* WakeUpClock.swift in Sources */ = {isa = PBXBuildFile; fileRef = 4293FBB2249A840000DDFF1E /* WakeUpClock.swift */; };
		4293FBB5249A842C00DDFF1E /* Login.swift in Sources */ = {isa = PBXBuildFile; fileRef = 4293FBB4249A842C00DDFF1E /* Login.swift */; };
		4293FBB7249A843F00DDFF1E /* SignUpView.swift in Sources */ = {isa = PBXBuildFile; fileRef = 4293FBB6249A843F00DDFF1E /* SignUpView.swift */; };
		4293FBB9249A845900DDFF1E /* SignInView.swift in Sources */ = {isa = PBXBuildFile; fileRef = 4293FBB8249A845900DDFF1E /* SignInView.swift */; };
		4293FBBB249A846B00DDFF1E /* User.swift in Sources */ = {isa = PBXBuildFile; fileRef = 4293FBBA249A846B00DDFF1E /* User.swift */; };
		4293FBBD249A848200DDFF1E /* ImagePicker.swift in Sources */ = {isa = PBXBuildFile; fileRef = 4293FBBC249A848200DDFF1E /* ImagePicker.swift */; };
		4293FBBF249A849F00DDFF1E /* FirstLaunch.swift in Sources */ = {isa = PBXBuildFile; fileRef = 4293FBBE249A849F00DDFF1E /* FirstLaunch.swift */; };
		4293FBC1249A84B700DDFF1E /* Welcome.swift in Sources */ = {isa = PBXBuildFile; fileRef = 4293FBC0249A84B700DDFF1E /* Welcome.swift */; };
		4293FBC5249A84E300DDFF1E /* joinMenu.swift in Sources */ = {isa = PBXBuildFile; fileRef = 4293FBC4249A84E300DDFF1E /* joinMenu.swift */; };
		4293FBC7249A84F600DDFF1E /* alarmSet.swift in Sources */ = {isa = PBXBuildFile; fileRef = 4293FBC6249A84F600DDFF1E /* alarmSet.swift */; };
		4293FBCB249A851800DDFF1E /* resultsPreview.swift in Sources */ = {isa = PBXBuildFile; fileRef = 4293FBCA249A851800DDFF1E /* resultsPreview.swift */; };
		4293FBCD249A852A00DDFF1E /* UserProfile.swift in Sources */ = {isa = PBXBuildFile; fileRef = 4293FBCC249A852A00DDFF1E /* UserProfile.swift */; };
		4293FBCF249A853B00DDFF1E /* LoserPage.swift in Sources */ = {isa = PBXBuildFile; fileRef = 4293FBCE249A853B00DDFF1E /* LoserPage.swift */; };
		4293FBD1249A854D00DDFF1E /* BillingPage.swift in Sources */ = {isa = PBXBuildFile; fileRef = 4293FBD0249A854D00DDFF1E /* BillingPage.swift */; };
		4293FBD3249A855D00DDFF1E /* Home.swift in Sources */ = {isa = PBXBuildFile; fileRef = 4293FBD2249A855D00DDFF1E /* Home.swift */; };
		4293FBD5249A857000DDFF1E /* AlarmCard.swift in Sources */ = {isa = PBXBuildFile; fileRef = 4293FBD4249A857000DDFF1E /* AlarmCard.swift */; };
		4293FBD7249B00E800DDFF1E /* AlarmNetwork.swift in Sources */ = {isa = PBXBuildFile; fileRef = 4293FBD6249B00E800DDFF1E /* AlarmNetwork.swift */; };
		4293FBD9249B013000DDFF1E /* AlarmInfo.swift in Sources */ = {isa = PBXBuildFile; fileRef = 4293FBD8249B013000DDFF1E /* AlarmInfo.swift */; };
		4293FBDC249C146900DDFF1E /* alarmMain.wav in Resources */ = {isa = PBXBuildFile; fileRef = 4293FBDB249C146800DDFF1E /* alarmMain.wav */; };
		4293FBDE249CF68900DDFF1E /* AlarmList.swift in Sources */ = {isa = PBXBuildFile; fileRef = 4293FBDD249CF68900DDFF1E /* AlarmList.swift */; };
		4293FBE0249E72C400DDFF1E /* AlarmPopUp.swift in Sources */ = {isa = PBXBuildFile; fileRef = 4293FBDF249E72C400DDFF1E /* AlarmPopUp.swift */; };
		4293FBE424A134F200DDFF1E /* AlarmLeadershipBoard.swift in Sources */ = {isa = PBXBuildFile; fileRef = 4293FBE324A134F200DDFF1E /* AlarmLeadershipBoard.swift */; };
		552121B9F0BF3960D8A762F8 /* Pods_AlarmRoulette.framework in Frameworks */ = {isa = PBXBuildFile; fileRef = 999610F4281B685F6D5862B2 /* Pods_AlarmRoulette.framework */; };
		5DC4722724AE750600261D23 /* Colors.xcassets in Resources */ = {isa = PBXBuildFile; fileRef = 5DC4722624AE750600261D23 /* Colors.xcassets */; };
		5DC4722F24AED24200261D23 /* SceneDelegate.swift in Sources */ = {isa = PBXBuildFile; fileRef = 5DC4722E24AED24100261D23 /* SceneDelegate.swift */; };
/* End PBXBuildFile section */

/* Begin PBXFileReference section */
		42861026248BC5300098A8A5 /* AlarmRoulette.app */ = {isa = PBXFileReference; explicitFileType = wrapper.application; includeInIndex = 0; path = AlarmRoulette.app; sourceTree = BUILT_PRODUCTS_DIR; };
		42861029248BC5300098A8A5 /* AppDelegate.swift */ = {isa = PBXFileReference; lastKnownFileType = sourcecode.swift; path = AppDelegate.swift; sourceTree = "<group>"; };
		4286102D248BC5300098A8A5 /* ContentView.swift */ = {isa = PBXFileReference; lastKnownFileType = sourcecode.swift; path = ContentView.swift; sourceTree = "<group>"; };
		4286102F248BC5330098A8A5 /* Assets.xcassets */ = {isa = PBXFileReference; lastKnownFileType = folder.assetcatalog; path = Assets.xcassets; sourceTree = "<group>"; };
		42861032248BC5330098A8A5 /* Preview Assets.xcassets */ = {isa = PBXFileReference; lastKnownFileType = folder.assetcatalog; path = "Preview Assets.xcassets"; sourceTree = "<group>"; };
		42861035248BC5330098A8A5 /* Base */ = {isa = PBXFileReference; lastKnownFileType = file.storyboard; name = Base; path = Base.lproj/LaunchScreen.storyboard; sourceTree = "<group>"; };
		42861037248BC5330098A8A5 /* Info.plist */ = {isa = PBXFileReference; lastKnownFileType = text.plist.xml; path = Info.plist; sourceTree = "<group>"; };
		4293FBA8249A7F8A00DDFF1E /* GoogleService-Info.plist */ = {isa = PBXFileReference; fileEncoding = 4; lastKnownFileType = text.plist.xml; path = "GoogleService-Info.plist"; sourceTree = "<group>"; };
		4293FBAE249A82EC00DDFF1E /* RealTime.swift */ = {isa = PBXFileReference; lastKnownFileType = sourcecode.swift; path = RealTime.swift; sourceTree = "<group>"; };
		4293FBB0249A83CA00DDFF1E /* DigitalClock.swift */ = {isa = PBXFileReference; lastKnownFileType = sourcecode.swift; path = DigitalClock.swift; sourceTree = "<group>"; };
		4293FBB2249A840000DDFF1E /* WakeUpClock.swift */ = {isa = PBXFileReference; lastKnownFileType = sourcecode.swift; path = WakeUpClock.swift; sourceTree = "<group>"; };
		4293FBB4249A842C00DDFF1E /* Login.swift */ = {isa = PBXFileReference; lastKnownFileType = sourcecode.swift; path = Login.swift; sourceTree = "<group>"; };
		4293FBB6249A843F00DDFF1E /* SignUpView.swift */ = {isa = PBXFileReference; lastKnownFileType = sourcecode.swift; path = SignUpView.swift; sourceTree = "<group>"; };
		4293FBB8249A845900DDFF1E /* SignInView.swift */ = {isa = PBXFileReference; lastKnownFileType = sourcecode.swift; path = SignInView.swift; sourceTree = "<group>"; };
		4293FBBA249A846B00DDFF1E /* User.swift */ = {isa = PBXFileReference; lastKnownFileType = sourcecode.swift; path = User.swift; sourceTree = "<group>"; };
		4293FBBC249A848200DDFF1E /* ImagePicker.swift */ = {isa = PBXFileReference; lastKnownFileType = sourcecode.swift; path = ImagePicker.swift; sourceTree = "<group>"; };
		4293FBBE249A849F00DDFF1E /* FirstLaunch.swift */ = {isa = PBXFileReference; lastKnownFileType = sourcecode.swift; path = FirstLaunch.swift; sourceTree = "<group>"; };
		4293FBC0249A84B700DDFF1E /* Welcome.swift */ = {isa = PBXFileReference; lastKnownFileType = sourcecode.swift; path = Welcome.swift; sourceTree = "<group>"; };
		4293FBC4249A84E300DDFF1E /* joinMenu.swift */ = {isa = PBXFileReference; lastKnownFileType = sourcecode.swift; path = joinMenu.swift; sourceTree = "<group>"; };
		4293FBC6249A84F600DDFF1E /* alarmSet.swift */ = {isa = PBXFileReference; lastKnownFileType = sourcecode.swift; path = alarmSet.swift; sourceTree = "<group>"; };
		4293FBCA249A851800DDFF1E /* resultsPreview.swift */ = {isa = PBXFileReference; lastKnownFileType = sourcecode.swift; path = resultsPreview.swift; sourceTree = "<group>"; };
		4293FBCC249A852A00DDFF1E /* UserProfile.swift */ = {isa = PBXFileReference; lastKnownFileType = sourcecode.swift; path = UserProfile.swift; sourceTree = "<group>"; };
		4293FBCE249A853B00DDFF1E /* LoserPage.swift */ = {isa = PBXFileReference; lastKnownFileType = sourcecode.swift; path = LoserPage.swift; sourceTree = "<group>"; };
		4293FBD0249A854D00DDFF1E /* BillingPage.swift */ = {isa = PBXFileReference; lastKnownFileType = sourcecode.swift; path = BillingPage.swift; sourceTree = "<group>"; };
		4293FBD2249A855D00DDFF1E /* Home.swift */ = {isa = PBXFileReference; lastKnownFileType = sourcecode.swift; path = Home.swift; sourceTree = "<group>"; };
		4293FBD4249A857000DDFF1E /* AlarmCard.swift */ = {isa = PBXFileReference; lastKnownFileType = sourcecode.swift; path = AlarmCard.swift; sourceTree = "<group>"; };
		4293FBD6249B00E800DDFF1E /* AlarmNetwork.swift */ = {isa = PBXFileReference; lastKnownFileType = sourcecode.swift; path = AlarmNetwork.swift; sourceTree = "<group>"; };
		4293FBD8249B013000DDFF1E /* AlarmInfo.swift */ = {isa = PBXFileReference; lastKnownFileType = sourcecode.swift; path = AlarmInfo.swift; sourceTree = "<group>"; };
		4293FBDB249C146800DDFF1E /* alarmMain.wav */ = {isa = PBXFileReference; lastKnownFileType = audio.wav; path = alarmMain.wav; sourceTree = "<group>"; };
		4293FBDD249CF68900DDFF1E /* AlarmList.swift */ = {isa = PBXFileReference; lastKnownFileType = sourcecode.swift; path = AlarmList.swift; sourceTree = "<group>"; };
		4293FBDF249E72C400DDFF1E /* AlarmPopUp.swift */ = {isa = PBXFileReference; lastKnownFileType = sourcecode.swift; path = AlarmPopUp.swift; sourceTree = "<group>"; };
		4293FBE324A134F200DDFF1E /* AlarmLeadershipBoard.swift */ = {isa = PBXFileReference; lastKnownFileType = sourcecode.swift; path = AlarmLeadershipBoard.swift; sourceTree = "<group>"; };
		4774AD8FC7F9341F447DE8AA /* Pods-AlarmRoulette.debug.xcconfig */ = {isa = PBXFileReference; includeInIndex = 1; lastKnownFileType = text.xcconfig; name = "Pods-AlarmRoulette.debug.xcconfig"; path = "Target Support Files/Pods-AlarmRoulette/Pods-AlarmRoulette.debug.xcconfig"; sourceTree = "<group>"; };
		5DC4722624AE750600261D23 /* Colors.xcassets */ = {isa = PBXFileReference; lastKnownFileType = folder.assetcatalog; path = Colors.xcassets; sourceTree = "<group>"; };
		5DC4722E24AED24100261D23 /* SceneDelegate.swift */ = {isa = PBXFileReference; fileEncoding = 4; lastKnownFileType = sourcecode.swift; path = SceneDelegate.swift; sourceTree = "<group>"; };
		999610F4281B685F6D5862B2 /* Pods_AlarmRoulette.framework */ = {isa = PBXFileReference; explicitFileType = wrapper.framework; includeInIndex = 0; path = Pods_AlarmRoulette.framework; sourceTree = BUILT_PRODUCTS_DIR; };
		FD746400ED2BAE7688391567 /* Pods-AlarmRoulette.release.xcconfig */ = {isa = PBXFileReference; includeInIndex = 1; lastKnownFileType = text.xcconfig; name = "Pods-AlarmRoulette.release.xcconfig"; path = "Target Support Files/Pods-AlarmRoulette/Pods-AlarmRoulette.release.xcconfig"; sourceTree = "<group>"; };
/* End PBXFileReference section */

/* Begin PBXFrameworksBuildPhase section */
		42861023248BC5300098A8A5 /* Frameworks */ = {
			isa = PBXFrameworksBuildPhase;
			buildActionMask = 2147483647;
			files = (
				552121B9F0BF3960D8A762F8 /* Pods_AlarmRoulette.framework in Frameworks */,
			);
			runOnlyForDeploymentPostprocessing = 0;
		};
/* End PBXFrameworksBuildPhase section */

/* Begin PBXGroup section */
		2407B47EAF7309723099D0A9 /* Pods */ = {
			isa = PBXGroup;
			children = (
				4774AD8FC7F9341F447DE8AA /* Pods-AlarmRoulette.debug.xcconfig */,
				FD746400ED2BAE7688391567 /* Pods-AlarmRoulette.release.xcconfig */,
			);
			path = Pods;
			sourceTree = "<group>";
		};
		4286101D248BC5300098A8A5 = {
			isa = PBXGroup;
			children = (
				42861028248BC5300098A8A5 /* AlarmRoulette */,
				42861027248BC5300098A8A5 /* Products */,
				2407B47EAF7309723099D0A9 /* Pods */,
				F2CC2EC2891D807D4C71D865 /* Frameworks */,
			);
			sourceTree = "<group>";
		};
		42861027248BC5300098A8A5 /* Products */ = {
			isa = PBXGroup;
			children = (
				42861026248BC5300098A8A5 /* AlarmRoulette.app */,
			);
			name = Products;
			sourceTree = "<group>";
		};
		42861028248BC5300098A8A5 /* AlarmRoulette */ = {
			isa = PBXGroup;
			children = (
				5DC4722E24AED24100261D23 /* SceneDelegate.swift */,
				4293FBA8249A7F8A00DDFF1E /* GoogleService-Info.plist */,
				42861037248BC5330098A8A5 /* Info.plist */,
				42861029248BC5300098A8A5 /* AppDelegate.swift */,
				4286102D248BC5300098A8A5 /* ContentView.swift */,
				42861034248BC5330098A8A5 /* LaunchScreen.storyboard */,
				5DC4722C24AECE8D00261D23 /* App setup files */,
				4293FBAB249A82AE00DDFF1E /* FirstLaunch */,
				4293FBAC249A82BE00DDFF1E /* Login and SignUp */,
				4293FBAA249A82A700DDFF1E /* Home */,
				5DC0F2C1249FE8F9004D4376 /* Alarm Model */,
				5DC4722824AE7B8200261D23 /* Assets */,
				42861031248BC5330098A8A5 /* Preview Content */,
			);
			path = AlarmRoulette;
			sourceTree = "<group>";
		};
		42861031248BC5330098A8A5 /* Preview Content */ = {
			isa = PBXGroup;
			children = (
				42861032248BC5330098A8A5 /* Preview Assets.xcassets */,
			);
			path = "Preview Content";
			sourceTree = "<group>";
		};
		4293FBAA249A82A700DDFF1E /* Home */ = {
			isa = PBXGroup;
			children = (
				4293FBD2249A855D00DDFF1E /* Home.swift */,
				5DC4722924AECC2B00261D23 /* Alarm Deck */,
				5DC4722A24AECDBF00261D23 /* Results */,
			);
			path = Home;
			sourceTree = "<group>";
		};
		4293FBAB249A82AE00DDFF1E /* FirstLaunch */ = {
			isa = PBXGroup;
			children = (
				4293FBBE249A849F00DDFF1E /* FirstLaunch.swift */,
				4293FBC0249A84B700DDFF1E /* Welcome.swift */,
			);
			path = FirstLaunch;
			sourceTree = "<group>";
		};
		4293FBAC249A82BE00DDFF1E /* Login and SignUp */ = {
			isa = PBXGroup;
			children = (
				4293FBB4249A842C00DDFF1E /* Login.swift */,
				4293FBB6249A843F00DDFF1E /* SignUpView.swift */,
				4293FBB8249A845900DDFF1E /* SignInView.swift */,
				4293FBBA249A846B00DDFF1E /* User.swift */,
				4293FBBC249A848200DDFF1E /* ImagePicker.swift */,
			);
			path = "Login and SignUp";
			sourceTree = "<group>";
		};
		4293FBAD249A82D000DDFF1E /* ClockViews */ = {
			isa = PBXGroup;
			children = (
				4293FBB0249A83CA00DDFF1E /* DigitalClock.swift */,
				4293FBB2249A840000DDFF1E /* WakeUpClock.swift */,
			);
			path = ClockViews;
			sourceTree = "<group>";
		};
		4293FBDA249C13EB00DDFF1E /* AlarmSounds */ = {
			isa = PBXGroup;
			children = (
				4293FBDB249C146800DDFF1E /* alarmMain.wav */,
			);
			path = AlarmSounds;
			sourceTree = "<group>";
		};
		5DC0F2C1249FE8F9004D4376 /* Alarm Model */ = {
			isa = PBXGroup;
			children = (
				4293FBAD249A82D000DDFF1E /* ClockViews */,
				4293FBD8249B013000DDFF1E /* AlarmInfo.swift */,
				4293FBD4249A857000DDFF1E /* AlarmCard.swift */,
				4293FBD6249B00E800DDFF1E /* AlarmNetwork.swift */,
				4293FBAE249A82EC00DDFF1E /* RealTime.swift */,
			);
			path = "Alarm Model";
			sourceTree = "<group>";
		};
		5DC4722824AE7B8200261D23 /* Assets */ = {
			isa = PBXGroup;
			children = (
				4293FBDA249C13EB00DDFF1E /* AlarmSounds */,
				4286102F248BC5330098A8A5 /* Assets.xcassets */,
				5DC4722624AE750600261D23 /* Colors.xcassets */,
			);
			path = Assets;
			sourceTree = "<group>";
		};
		5DC4722924AECC2B00261D23 /* Alarm Deck */ = {
			isa = PBXGroup;
			children = (
				4293FBDD249CF68900DDFF1E /* AlarmList.swift */,
				4293FBC6249A84F600DDFF1E /* alarmSet.swift */,
				4293FBC4249A84E300DDFF1E /* joinMenu.swift */,
				4293FBCC249A852A00DDFF1E /* UserProfile.swift */,
			);
			path = "Alarm Deck";
			sourceTree = "<group>";
		};
		5DC4722A24AECDBF00261D23 /* Results */ = {
			isa = PBXGroup;
			children = (
				4293FBDF249E72C400DDFF1E /* AlarmPopUp.swift */,
				4293FBCA249A851800DDFF1E /* resultsPreview.swift */,
				4293FBE324A134F200DDFF1E /* AlarmLeadershipBoard.swift */,
				4293FBCE249A853B00DDFF1E /* LoserPage.swift */,
				4293FBD0249A854D00DDFF1E /* BillingPage.swift */,
			);
			path = Results;
			sourceTree = "<group>";
		};
		5DC4722C24AECE8D00261D23 /* App setup files */ = {
			isa = PBXGroup;
			children = (
			);
			path = "App setup files";
			sourceTree = "<group>";
		};
		F2CC2EC2891D807D4C71D865 /* Frameworks */ = {
			isa = PBXGroup;
			children = (
				999610F4281B685F6D5862B2 /* Pods_AlarmRoulette.framework */,
			);
			name = Frameworks;
			sourceTree = "<group>";
		};
/* End PBXGroup section */

/* Begin PBXNativeTarget section */
		42861025248BC5300098A8A5 /* AlarmRoulette */ = {
			isa = PBXNativeTarget;
			buildConfigurationList = 4286103A248BC5330098A8A5 /* Build configuration list for PBXNativeTarget "AlarmRoulette" */;
			buildPhases = (
				5E2325E25AB51FB80C8B1BFE /* [CP] Check Pods Manifest.lock */,
				42861022248BC5300098A8A5 /* Sources */,
				42861023248BC5300098A8A5 /* Frameworks */,
				42861024248BC5300098A8A5 /* Resources */,
				6B85A2FA1CF996405C88A51C /* [CP] Embed Pods Frameworks */,
			);
			buildRules = (
			);
			dependencies = (
			);
			name = AlarmRoulette;
			productName = AlarmRoulette;
			productReference = 42861026248BC5300098A8A5 /* AlarmRoulette.app */;
			productType = "com.apple.product-type.application";
		};
/* End PBXNativeTarget section */

/* Begin PBXProject section */
		4286101E248BC5300098A8A5 /* Project object */ = {
			isa = PBXProject;
			attributes = {
				LastSwiftUpdateCheck = 1150;
				LastUpgradeCheck = 1150;
				ORGANIZATIONNAME = Buena;
				TargetAttributes = {
					42861025248BC5300098A8A5 = {
						CreatedOnToolsVersion = 11.5;
					};
				};
			};
			buildConfigurationList = 42861021248BC5300098A8A5 /* Build configuration list for PBXProject "AlarmRoulette" */;
			compatibilityVersion = "Xcode 9.3";
			developmentRegion = en;
			hasScannedForEncodings = 0;
			knownRegions = (
				en,
				Base,
			);
			mainGroup = 4286101D248BC5300098A8A5;
			productRefGroup = 42861027248BC5300098A8A5 /* Products */;
			projectDirPath = "";
			projectRoot = "";
			targets = (
				42861025248BC5300098A8A5 /* AlarmRoulette */,
			);
		};
/* End PBXProject section */

/* Begin PBXResourcesBuildPhase section */
		42861024248BC5300098A8A5 /* Resources */ = {
			isa = PBXResourcesBuildPhase;
			buildActionMask = 2147483647;
			files = (
				42861036248BC5330098A8A5 /* LaunchScreen.storyboard in Resources */,
				4293FBDC249C146900DDFF1E /* alarmMain.wav in Resources */,
				4293FBA9249A7F8A00DDFF1E /* GoogleService-Info.plist in Resources */,
				5DC4722724AE750600261D23 /* Colors.xcassets in Resources */,
				42861033248BC5330098A8A5 /* Preview Assets.xcassets in Resources */,
				42861030248BC5330098A8A5 /* Assets.xcassets in Resources */,
			);
			runOnlyForDeploymentPostprocessing = 0;
		};
/* End PBXResourcesBuildPhase section */

/* Begin PBXShellScriptBuildPhase section */
		5E2325E25AB51FB80C8B1BFE /* [CP] Check Pods Manifest.lock */ = {
			isa = PBXShellScriptBuildPhase;
			buildActionMask = 2147483647;
			files = (
			);
			inputFileListPaths = (
			);
			inputPaths = (
				"${PODS_PODFILE_DIR_PATH}/Podfile.lock",
				"${PODS_ROOT}/Manifest.lock",
			);
			name = "[CP] Check Pods Manifest.lock";
			outputFileListPaths = (
			);
			outputPaths = (
				"$(DERIVED_FILE_DIR)/Pods-AlarmRoulette-checkManifestLockResult.txt",
			);
			runOnlyForDeploymentPostprocessing = 0;
			shellPath = /bin/sh;
			shellScript = "diff \"${PODS_PODFILE_DIR_PATH}/Podfile.lock\" \"${PODS_ROOT}/Manifest.lock\" > /dev/null\nif [ $? != 0 ] ; then\n    # print error to STDERR\n    echo \"error: The sandbox is not in sync with the Podfile.lock. Run 'pod install' or update your CocoaPods installation.\" >&2\n    exit 1\nfi\n# This output is used by Xcode 'outputs' to avoid re-running this script phase.\necho \"SUCCESS\" > \"${SCRIPT_OUTPUT_FILE_0}\"\n";
			showEnvVarsInLog = 0;
		};
		6B85A2FA1CF996405C88A51C /* [CP] Embed Pods Frameworks */ = {
			isa = PBXShellScriptBuildPhase;
			buildActionMask = 2147483647;
			files = (
			);
			inputFileListPaths = (
				"${PODS_ROOT}/Target Support Files/Pods-AlarmRoulette/Pods-AlarmRoulette-frameworks-${CONFIGURATION}-input-files.xcfilelist",
			);
			name = "[CP] Embed Pods Frameworks";
			outputFileListPaths = (
				"${PODS_ROOT}/Target Support Files/Pods-AlarmRoulette/Pods-AlarmRoulette-frameworks-${CONFIGURATION}-output-files.xcfilelist",
			);
			runOnlyForDeploymentPostprocessing = 0;
			shellPath = /bin/sh;
			shellScript = "\"${PODS_ROOT}/Target Support Files/Pods-AlarmRoulette/Pods-AlarmRoulette-frameworks.sh\"\n";
			showEnvVarsInLog = 0;
		};
/* End PBXShellScriptBuildPhase section */

/* Begin PBXSourcesBuildPhase section */
		42861022248BC5300098A8A5 /* Sources */ = {
			isa = PBXSourcesBuildPhase;
			buildActionMask = 2147483647;
			files = (
				4293FBE424A134F200DDFF1E /* AlarmLeadershipBoard.swift in Sources */,
				4293FBCF249A853B00DDFF1E /* LoserPage.swift in Sources */,
				4293FBC5249A84E300DDFF1E /* joinMenu.swift in Sources */,
				4293FBB9249A845900DDFF1E /* SignInView.swift in Sources */,
				4293FBC7249A84F600DDFF1E /* alarmSet.swift in Sources */,
				4293FBCB249A851800DDFF1E /* resultsPreview.swift in Sources */,
				4293FBB5249A842C00DDFF1E /* Login.swift in Sources */,
				4293FBAF249A82EC00DDFF1E /* RealTime.swift in Sources */,
				4293FBBF249A849F00DDFF1E /* FirstLaunch.swift in Sources */,
				4293FBB1249A83CA00DDFF1E /* DigitalClock.swift in Sources */,
				4293FBD1249A854D00DDFF1E /* BillingPage.swift in Sources */,
				4286102A248BC5300098A8A5 /* AppDelegate.swift in Sources */,
				4293FBDE249CF68900DDFF1E /* AlarmList.swift in Sources */,
				4293FBC1249A84B700DDFF1E /* Welcome.swift in Sources */,
				4293FBD7249B00E800DDFF1E /* AlarmNetwork.swift in Sources */,
				4293FBD9249B013000DDFF1E /* AlarmInfo.swift in Sources */,
				4293FBB7249A843F00DDFF1E /* SignUpView.swift in Sources */,
				4293FBD3249A855D00DDFF1E /* Home.swift in Sources */,
				4293FBBD249A848200DDFF1E /* ImagePicker.swift in Sources */,
				4293FBCD249A852A00DDFF1E /* UserProfile.swift in Sources */,
				4293FBD5249A857000DDFF1E /* AlarmCard.swift in Sources */,
				5DC4722F24AED24200261D23 /* SceneDelegate.swift in Sources */,
				4286102E248BC5300098A8A5 /* ContentView.swift in Sources */,
				4293FBBB249A846B00DDFF1E /* User.swift in Sources */,
				4293FBB3249A840000DDFF1E /* WakeUpClock.swift in Sources */,
				4293FBE0249E72C400DDFF1E /* AlarmPopUp.swift in Sources */,
			);
			runOnlyForDeploymentPostprocessing = 0;
		};
/* End PBXSourcesBuildPhase section */

/* Begin PBXVariantGroup section */
		42861034248BC5330098A8A5 /* LaunchScreen.storyboard */ = {
			isa = PBXVariantGroup;
			children = (
				42861035248BC5330098A8A5 /* Base */,
			);
			name = LaunchScreen.storyboard;
			sourceTree = "<group>";
		};
/* End PBXVariantGroup section */

/* Begin XCBuildConfiguration section */
		42861038248BC5330098A8A5 /* Debug */ = {
			isa = XCBuildConfiguration;
			buildSettings = {
				ALWAYS_SEARCH_USER_PATHS = NO;
				CLANG_ANALYZER_NONNULL = YES;
				CLANG_ANALYZER_NUMBER_OBJECT_CONVERSION = YES_AGGRESSIVE;
				CLANG_CXX_LANGUAGE_STANDARD = "gnu++14";
				CLANG_CXX_LIBRARY = "libc++";
				CLANG_ENABLE_MODULES = YES;
				CLANG_ENABLE_OBJC_ARC = YES;
				CLANG_ENABLE_OBJC_WEAK = YES;
				CLANG_WARN_BLOCK_CAPTURE_AUTORELEASING = YES;
				CLANG_WARN_BOOL_CONVERSION = YES;
				CLANG_WARN_COMMA = YES;
				CLANG_WARN_CONSTANT_CONVERSION = YES;
				CLANG_WARN_DEPRECATED_OBJC_IMPLEMENTATIONS = YES;
				CLANG_WARN_DIRECT_OBJC_ISA_USAGE = YES_ERROR;
				CLANG_WARN_DOCUMENTATION_COMMENTS = YES;
				CLANG_WARN_EMPTY_BODY = YES;
				CLANG_WARN_ENUM_CONVERSION = YES;
				CLANG_WARN_INFINITE_RECURSION = YES;
				CLANG_WARN_INT_CONVERSION = YES;
				CLANG_WARN_NON_LITERAL_NULL_CONVERSION = YES;
				CLANG_WARN_OBJC_IMPLICIT_RETAIN_SELF = YES;
				CLANG_WARN_OBJC_LITERAL_CONVERSION = YES;
				CLANG_WARN_OBJC_ROOT_CLASS = YES_ERROR;
				CLANG_WARN_RANGE_LOOP_ANALYSIS = YES;
				CLANG_WARN_STRICT_PROTOTYPES = YES;
				CLANG_WARN_SUSPICIOUS_MOVE = YES;
				CLANG_WARN_UNGUARDED_AVAILABILITY = YES_AGGRESSIVE;
				CLANG_WARN_UNREACHABLE_CODE = YES;
				CLANG_WARN__DUPLICATE_METHOD_MATCH = YES;
				COPY_PHASE_STRIP = NO;
				DEBUG_INFORMATION_FORMAT = dwarf;
				ENABLE_STRICT_OBJC_MSGSEND = YES;
				ENABLE_TESTABILITY = YES;
				GCC_C_LANGUAGE_STANDARD = gnu11;
				GCC_DYNAMIC_NO_PIC = NO;
				GCC_NO_COMMON_BLOCKS = YES;
				GCC_OPTIMIZATION_LEVEL = 0;
				GCC_PREPROCESSOR_DEFINITIONS = (
					"DEBUG=1",
					"$(inherited)",
				);
				GCC_WARN_64_TO_32_BIT_CONVERSION = YES;
				GCC_WARN_ABOUT_RETURN_TYPE = YES_ERROR;
				GCC_WARN_UNDECLARED_SELECTOR = YES;
				GCC_WARN_UNINITIALIZED_AUTOS = YES_AGGRESSIVE;
				GCC_WARN_UNUSED_FUNCTION = YES;
				GCC_WARN_UNUSED_VARIABLE = YES;
				IPHONEOS_DEPLOYMENT_TARGET = 13.5;
				MTL_ENABLE_DEBUG_INFO = INCLUDE_SOURCE;
				MTL_FAST_MATH = YES;
				ONLY_ACTIVE_ARCH = YES;
				SDKROOT = iphoneos;
				SWIFT_ACTIVE_COMPILATION_CONDITIONS = DEBUG;
				SWIFT_OPTIMIZATION_LEVEL = "-Onone";
			};
			name = Debug;
		};
		42861039248BC5330098A8A5 /* Release */ = {
			isa = XCBuildConfiguration;
			buildSettings = {
				ALWAYS_SEARCH_USER_PATHS = NO;
				CLANG_ANALYZER_NONNULL = YES;
				CLANG_ANALYZER_NUMBER_OBJECT_CONVERSION = YES_AGGRESSIVE;
				CLANG_CXX_LANGUAGE_STANDARD = "gnu++14";
				CLANG_CXX_LIBRARY = "libc++";
				CLANG_ENABLE_MODULES = YES;
				CLANG_ENABLE_OBJC_ARC = YES;
				CLANG_ENABLE_OBJC_WEAK = YES;
				CLANG_WARN_BLOCK_CAPTURE_AUTORELEASING = YES;
				CLANG_WARN_BOOL_CONVERSION = YES;
				CLANG_WARN_COMMA = YES;
				CLANG_WARN_CONSTANT_CONVERSION = YES;
				CLANG_WARN_DEPRECATED_OBJC_IMPLEMENTATIONS = YES;
				CLANG_WARN_DIRECT_OBJC_ISA_USAGE = YES_ERROR;
				CLANG_WARN_DOCUMENTATION_COMMENTS = YES;
				CLANG_WARN_EMPTY_BODY = YES;
				CLANG_WARN_ENUM_CONVERSION = YES;
				CLANG_WARN_INFINITE_RECURSION = YES;
				CLANG_WARN_INT_CONVERSION = YES;
				CLANG_WARN_NON_LITERAL_NULL_CONVERSION = YES;
				CLANG_WARN_OBJC_IMPLICIT_RETAIN_SELF = YES;
				CLANG_WARN_OBJC_LITERAL_CONVERSION = YES;
				CLANG_WARN_OBJC_ROOT_CLASS = YES_ERROR;
				CLANG_WARN_RANGE_LOOP_ANALYSIS = YES;
				CLANG_WARN_STRICT_PROTOTYPES = YES;
				CLANG_WARN_SUSPICIOUS_MOVE = YES;
				CLANG_WARN_UNGUARDED_AVAILABILITY = YES_AGGRESSIVE;
				CLANG_WARN_UNREACHABLE_CODE = YES;
				CLANG_WARN__DUPLICATE_METHOD_MATCH = YES;
				COPY_PHASE_STRIP = NO;
				DEBUG_INFORMATION_FORMAT = "dwarf-with-dsym";
				ENABLE_NS_ASSERTIONS = NO;
				ENABLE_STRICT_OBJC_MSGSEND = YES;
				GCC_C_LANGUAGE_STANDARD = gnu11;
				GCC_NO_COMMON_BLOCKS = YES;
				GCC_WARN_64_TO_32_BIT_CONVERSION = YES;
				GCC_WARN_ABOUT_RETURN_TYPE = YES_ERROR;
				GCC_WARN_UNDECLARED_SELECTOR = YES;
				GCC_WARN_UNINITIALIZED_AUTOS = YES_AGGRESSIVE;
				GCC_WARN_UNUSED_FUNCTION = YES;
				GCC_WARN_UNUSED_VARIABLE = YES;
				IPHONEOS_DEPLOYMENT_TARGET = 13.5;
				MTL_ENABLE_DEBUG_INFO = NO;
				MTL_FAST_MATH = YES;
				SDKROOT = iphoneos;
				SWIFT_COMPILATION_MODE = wholemodule;
				SWIFT_OPTIMIZATION_LEVEL = "-O";
				VALIDATE_PRODUCT = YES;
			};
			name = Release;
		};
		4286103B248BC5330098A8A5 /* Debug */ = {
			isa = XCBuildConfiguration;
			baseConfigurationReference = 4774AD8FC7F9341F447DE8AA /* Pods-AlarmRoulette.debug.xcconfig */;
			buildSettings = {
				ASSETCATALOG_COMPILER_APPICON_NAME = AppIcon;
				CODE_SIGN_IDENTITY = "iPhone Developer";
				CODE_SIGN_STYLE = Manual;
				DEVELOPMENT_ASSET_PATHS = "\"AlarmRoulette/Preview Content\"";
				DEVELOPMENT_TEAM = GYD82W77N2;
				ENABLE_PREVIEWS = YES;
				INFOPLIST_FILE = AlarmRoulette/Info.plist;
				LD_RUNPATH_SEARCH_PATHS = (
					"$(inherited)",
					"@executable_path/Frameworks",
				);
				PRODUCT_BUNDLE_IDENTIFIER = "org.buena.alarm-roulette";
				PRODUCT_NAME = "$(TARGET_NAME)";
				PROVISIONING_PROFILE_SPECIFIER = josh_iphone;
				SWIFT_VERSION = 5.0;
				TARGETED_DEVICE_FAMILY = "1,2";
			};
			name = Debug;
		};
		4286103C248BC5330098A8A5 /* Release */ = {
			isa = XCBuildConfiguration;
			baseConfigurationReference = FD746400ED2BAE7688391567 /* Pods-AlarmRoulette.release.xcconfig */;
			buildSettings = {
				ASSETCATALOG_COMPILER_APPICON_NAME = AppIcon;
				CODE_SIGN_IDENTITY = "iPhone Developer";
				CODE_SIGN_STYLE = Manual;
				DEVELOPMENT_ASSET_PATHS = "\"AlarmRoulette/Preview Content\"";
				DEVELOPMENT_TEAM = GYD82W77N2;
				ENABLE_PREVIEWS = YES;
				INFOPLIST_FILE = AlarmRoulette/Info.plist;
				LD_RUNPATH_SEARCH_PATHS = (
					"$(inherited)",
					"@executable_path/Frameworks",
				);
				PRODUCT_BUNDLE_IDENTIFIER = "org.buena.alarm-roulette";
				PRODUCT_NAME = "$(TARGET_NAME)";
				PROVISIONING_PROFILE_SPECIFIER = josh_iphone;
				SWIFT_VERSION = 5.0;
				TARGETED_DEVICE_FAMILY = "1,2";
			};
			name = Release;
		};
/* End XCBuildConfiguration section */

/* Begin XCConfigurationList section */
		42861021248BC5300098A8A5 /* Build configuration list for PBXProject "AlarmRoulette" */ = {
			isa = XCConfigurationList;
			buildConfigurations = (
				42861038248BC5330098A8A5 /* Debug */,
				42861039248BC5330098A8A5 /* Release */,
			);
			defaultConfigurationIsVisible = 0;
			defaultConfigurationName = Release;
		};
		4286103A248BC5330098A8A5 /* Build configuration list for PBXNativeTarget "AlarmRoulette" */ = {
			isa = XCConfigurationList;
			buildConfigurations = (
				4286103B248BC5330098A8A5 /* Debug */,
				4286103C248BC5330098A8A5 /* Release */,
			);
			defaultConfigurationIsVisible = 0;
			defaultConfigurationName = Release;
		};
/* End XCConfigurationList section */
	};
	rootObject = 4286101E248BC5300098A8A5 /* Project object */;
}
